
Microsoft Visual Studio Solution File, Format Version 12.00
# Visual Studio Version 16
VisualStudioVersion = 16.0.31515.178
MinimumVisualStudioVersion = 10.0.40219.1
Project("{9A19103F-16F7-4668-BE54-9A1E7A4F7556}") = "RmqBindingTest.Consumer", "RmqBindingTest.Consumer\RmqBindingTest.Consumer.csproj", "{9513D8EB-DB81-4E52-9D05-7EF913EDF1A2}"
EndProject
Project("{9A19103F-16F7-4668-BE54-9A1E7A4F7556}") = "RmqBindingTest.Publisher", "RmqBindingTest.Publisher\RmqBindingTest.Publisher.csproj", "{20CDDB54-266A-46FD-9144-D193C4FB278C}"
EndProject
Project("{FAE04EC0-301F-11D3-BF4B-00C04F79EFBC}") = "RmqBindingTest", "RmqBindingTest\RmqBindingTest.csproj", "{157F768E-C379-4562-8974-34940B1D4D09}"
EndProject
Global
	GlobalSection(SolutionConfigurationPlatforms) = preSolution
		Debug|Any CPU = Debug|Any CPU
		Release|Any CPU = Release|Any CPU
	EndGlobalSection
	GlobalSection(ProjectConfigurationPlatforms) = postSolution
		{9513D8EB-DB81-4E52-9D05-7EF913EDF1A2}.Debug|Any CPU.ActiveCfg = Debug|Any CPU
		{9513D8EB-DB81-4E52-9D05-7EF913EDF1A2}.Debug|Any CPU.Build.0 = Debug|Any CPU
		{9513D8EB-DB81-4E52-9D05-7EF913EDF1A2}.Release|Any CPU.ActiveCfg = Release|Any CPU
		{9513D8EB-DB81-4E52-9D05-7EF913EDF1A2}.Release|Any CPU.Build.0 = Release|Any CPU
		{20CDDB54-266A-46FD-9144-D193C4FB278C}.Debug|Any CPU.ActiveCfg = Debug|Any CPU
		{20CDDB54-266A-46FD-9144-D193C4FB278C}.Debug|Any CPU.Build.0 = Debug|Any CPU
		{20CDDB54-266A-46FD-9144-D193C4FB278C}.Release|Any CPU.ActiveCfg = Release|Any CPU
		{20CDDB54-266A-46FD-9144-D193C4FB278C}.Release|Any CPU.Build.0 = Release|Any CPU
		{157F768E-C379-4562-8974-34940B1D4D09}.Debug|Any CPU.ActiveCfg = Debug|Any CPU
		{157F768E-C379-4562-8974-34940B1D4D09}.Debug|Any CPU.Build.0 = Debug|Any CPU
		{157F768E-C379-4562-8974-34940B1D4D09}.Release|Any CPU.ActiveCfg = Release|Any CPU
		{157F768E-C379-4562-8974-34940B1D4D09}.Release|Any CPU.Build.0 = Release|Any CPU
	EndGlobalSection
	GlobalSection(SolutionProperties) = preSolution
		HideSolutionNode = FALSE
	EndGlobalSection
	GlobalSection(ExtensibilityGlobals) = postSolution
		SolutionGuid = {56623CB3-2908-4CBE-A192-52B3D04609DC}
	EndGlobalSection
EndGlobal
